
Microsoft Visual Studio Solution File, Format Version 12.00
# Visual Studio Version 16
VisualStudioVersion = 16.0.31321.278
MinimumVisualStudioVersion = 10.0.40219.1
Project("{FAE04EC0-301F-11D3-BF4B-00C04F79EFBC}") = "Repaso1D", "Repaso1D.csproj", "{7AAB08C6-DD7E-4E99-BB33-8CFDE7D0783B}"
EndProject
Global
	GlobalSection(SolutionConfigurationPlatforms) = preSolution
		Debug|Any CPU = Debug|Any CPU
		Release|Any CPU = Release|Any CPU
	EndGlobalSection
	GlobalSection(ProjectConfigurationPlatforms) = postSolution
		{7AAB08C6-DD7E-4E99-BB33-8CFDE7D0783B}.Debug|Any CPU.ActiveCfg = Debug|Any CPU
		{7AAB08C6-DD7E-4E99-BB33-8CFDE7D0783B}.Debug|Any CPU.Build.0 = Debug|Any CPU
		{7AAB08C6-DD7E-4E99-BB33-8CFDE7D0783B}.Release|Any CPU.ActiveCfg = Release|Any CPU
		{7AAB08C6-DD7E-4E99-BB33-8CFDE7D0783B}.Release|Any CPU.Build.0 = Release|Any CPU
	EndGlobalSection
	GlobalSection(SolutionProperties) = preSolution
		HideSolutionNode = FALSE
	EndGlobalSection
	GlobalSection(ExtensibilityGlobals) = postSolution
		SolutionGuid = {21B7F6DA-F019-408B-A0BE-51F52E618769}
	EndGlobalSection
EndGlobal
